
Microsoft Visual Studio Solution File, Format Version 12.00
# Visual Studio Version 17
VisualStudioVersion = 17.4.33122.133
MinimumVisualStudioVersion = 10.0.40219.1
Project("{9A19103F-16F7-4668-BE54-9A1E7A4F7556}") = "HW5_2", "HW5_2\HW5_2.csproj", "{6BC9B094-7FB5-422D-993C-9D41E86259EB}"
EndProject
Project("{FAE04EC0-301F-11D3-BF4B-00C04F79EFBC}") = "TestProjectHW5", "TestProjectHW5\TestProjectHW5.csproj", "{826FB410-89B2-467E-961B-457823A55CFE}"
EndProject
Global
	GlobalSection(SolutionConfigurationPlatforms) = preSolution
		Debug|Any CPU = Debug|Any CPU
		Release|Any CPU = Release|Any CPU
	EndGlobalSection
	GlobalSection(ProjectConfigurationPlatforms) = postSolution
		{6BC9B094-7FB5-422D-993C-9D41E86259EB}.Debug|Any CPU.ActiveCfg = Debug|Any CPU
		{6BC9B094-7FB5-422D-993C-9D41E86259EB}.Debug|Any CPU.Build.0 = Debug|Any CPU
		{6BC9B094-7FB5-422D-993C-9D41E86259EB}.Release|Any CPU.ActiveCfg = Release|Any CPU
		{6BC9B094-7FB5-422D-993C-9D41E86259EB}.Release|Any CPU.Build.0 = Release|Any CPU
		{826FB410-89B2-467E-961B-457823A55CFE}.Debug|Any CPU.ActiveCfg = Debug|Any CPU
		{826FB410-89B2-467E-961B-457823A55CFE}.Debug|Any CPU.Build.0 = Debug|Any CPU
		{826FB410-89B2-467E-961B-457823A55CFE}.Release|Any CPU.ActiveCfg = Release|Any CPU
		{826FB410-89B2-467E-961B-457823A55CFE}.Release|Any CPU.Build.0 = Release|Any CPU
	EndGlobalSection
	GlobalSection(SolutionProperties) = preSolution
		HideSolutionNode = FALSE
	EndGlobalSection
	GlobalSection(ExtensibilityGlobals) = postSolution
		SolutionGuid = {3F38A44A-DAE0-410D-BA24-BD9D7D788712}
	EndGlobalSection
EndGlobal
